// !$*UTF8*$!
{
	archiveVersion = 1;
	classes = {
	};
	objectVersion = 56;
	objects = {

/* Begin PBXBuildFile section */
		6E00C0F52B5F945B009DF9F5 /* EndPoints.swift in Sources */ = {isa = PBXBuildFile; fileRef = 6E00C0F42B5F945B009DF9F5 /* EndPoints.swift */; };
		6E00C0F72B5F94C5009DF9F5 /* HTTPResponse.swift in Sources */ = {isa = PBXBuildFile; fileRef = 6E00C0F62B5F94C5009DF9F5 /* HTTPResponse.swift */; };
		6E00C0F92B5F94EC009DF9F5 /* HTTPMethods.swift in Sources */ = {isa = PBXBuildFile; fileRef = 6E00C0F82B5F94EC009DF9F5 /* HTTPMethods.swift */; };
		6E00C0FA2B5F94F9009DF9F5 /* HTTPMethods.swift in Sources */ = {isa = PBXBuildFile; fileRef = 6E00C0F82B5F94EC009DF9F5 /* HTTPMethods.swift */; };
		6E00C0FB2B5F94FA009DF9F5 /* HTTPMethods.swift in Sources */ = {isa = PBXBuildFile; fileRef = 6E00C0F82B5F94EC009DF9F5 /* HTTPMethods.swift */; };
		6E00C0FC2B5F94FD009DF9F5 /* LoginViewController.swift in Sources */ = {isa = PBXBuildFile; fileRef = 6EFF95AD2B5EAB7900C752CA /* LoginViewController.swift */; };
		6E00C0FD2B5F94FE009DF9F5 /* LoginViewController.swift in Sources */ = {isa = PBXBuildFile; fileRef = 6EFF95AD2B5EAB7900C752CA /* LoginViewController.swift */; };
		6E00C0FE2B5F9504009DF9F5 /* UIImage+URL.swift in Sources */ = {isa = PBXBuildFile; fileRef = 6EFF95A42B5E9FB000C752CA /* UIImage+URL.swift */; };
		6E00C0FF2B5F9504009DF9F5 /* UIImage+URL.swift in Sources */ = {isa = PBXBuildFile; fileRef = 6EFF95A42B5E9FB000C752CA /* UIImage+URL.swift */; };
		6E00C1002B5F9507009DF9F5 /* NavItem + Confi.swift in Sources */ = {isa = PBXBuildFile; fileRef = 6EFF95A62B5E9FC800C752CA /* NavItem + Confi.swift */; };
		6E00C1012B5F9507009DF9F5 /* NavItem + Confi.swift in Sources */ = {isa = PBXBuildFile; fileRef = 6EFF95A62B5E9FC800C752CA /* NavItem + Confi.swift */; };
		6E00C1022B5F9509009DF9F5 /* UIColor + ColorScheme.swift in Sources */ = {isa = PBXBuildFile; fileRef = 6EFF95A82B5EA50C00C752CA /* UIColor + ColorScheme.swift */; };
		6E00C1032B5F950A009DF9F5 /* UIColor + ColorScheme.swift in Sources */ = {isa = PBXBuildFile; fileRef = 6EFF95A82B5EA50C00C752CA /* UIColor + ColorScheme.swift */; };
		6E00C1042B5F950C009DF9F5 /* NetworkErrors.swift in Sources */ = {isa = PBXBuildFile; fileRef = 6E2F22282B5E56EF00D203CD /* NetworkErrors.swift */; };
		6E00C1052B5F950D009DF9F5 /* NetworkErrors.swift in Sources */ = {isa = PBXBuildFile; fileRef = 6E2F22282B5E56EF00D203CD /* NetworkErrors.swift */; };
		6E00C1082B5F9514009DF9F5 /* DragonBallData.swift in Sources */ = {isa = PBXBuildFile; fileRef = 6E2F222C2B5E572400D203CD /* DragonBallData.swift */; };
		6E00C1092B5F9515009DF9F5 /* DragonBallData.swift in Sources */ = {isa = PBXBuildFile; fileRef = 6E2F222C2B5E572400D203CD /* DragonBallData.swift */; };
		6E00C10D2B5F9656009DF9F5 /* HTTPResponse.swift in Sources */ = {isa = PBXBuildFile; fileRef = 6E00C0F62B5F94C5009DF9F5 /* HTTPResponse.swift */; };
		6E00C10E2B5F9656009DF9F5 /* HTTPResponse.swift in Sources */ = {isa = PBXBuildFile; fileRef = 6E00C0F62B5F94C5009DF9F5 /* HTTPResponse.swift */; };
		6E00C1122B5F9B90009DF9F5 /* LoginViewModel.swift in Sources */ = {isa = PBXBuildFile; fileRef = 6E00C1112B5F9B90009DF9F5 /* LoginViewModel.swift */; };
		6E00C1142B5F9C11009DF9F5 /* LoginStatusLoad.swift in Sources */ = {isa = PBXBuildFile; fileRef = 6E00C1132B5F9C11009DF9F5 /* LoginStatusLoad.swift */; };
		6E00C1152B5F9C65009DF9F5 /* LoginViewModel.swift in Sources */ = {isa = PBXBuildFile; fileRef = 6E00C1112B5F9B90009DF9F5 /* LoginViewModel.swift */; };
		6E00C1162B5F9C65009DF9F5 /* LoginViewModel.swift in Sources */ = {isa = PBXBuildFile; fileRef = 6E00C1112B5F9B90009DF9F5 /* LoginViewModel.swift */; };
		6E00C1172B5F9C68009DF9F5 /* LoginStatusLoad.swift in Sources */ = {isa = PBXBuildFile; fileRef = 6E00C1132B5F9C11009DF9F5 /* LoginStatusLoad.swift */; };
		6E00C1182B5F9C69009DF9F5 /* LoginStatusLoad.swift in Sources */ = {isa = PBXBuildFile; fileRef = 6E00C1132B5F9C11009DF9F5 /* LoginStatusLoad.swift */; };
		6E00C11A2B5FA08B009DF9F5 /* LoginUseCase.swift in Sources */ = {isa = PBXBuildFile; fileRef = 6E00C1192B5FA08B009DF9F5 /* LoginUseCase.swift */; };
		6E00C11B2B5FA44C009DF9F5 /* LoginUseCase.swift in Sources */ = {isa = PBXBuildFile; fileRef = 6E00C1192B5FA08B009DF9F5 /* LoginUseCase.swift */; };
		6E00C11C2B5FA44D009DF9F5 /* LoginUseCase.swift in Sources */ = {isa = PBXBuildFile; fileRef = 6E00C1192B5FA08B009DF9F5 /* LoginUseCase.swift */; };
		6E00C11E2B5FAB57009DF9F5 /* LocalDataModel.swift in Sources */ = {isa = PBXBuildFile; fileRef = 6E00C11D2B5FAB57009DF9F5 /* LocalDataModel.swift */; };
		6E00C11F2B5FAB57009DF9F5 /* LocalDataModel.swift in Sources */ = {isa = PBXBuildFile; fileRef = 6E00C11D2B5FAB57009DF9F5 /* LocalDataModel.swift */; };
		6E00C1202B5FAB57009DF9F5 /* LocalDataModel.swift in Sources */ = {isa = PBXBuildFile; fileRef = 6E00C11D2B5FAB57009DF9F5 /* LocalDataModel.swift */; };
		6E00C1242B5FACB5009DF9F5 /* HomeCollectionViewController.swift in Sources */ = {isa = PBXBuildFile; fileRef = 6E00C1222B5FACB5009DF9F5 /* HomeCollectionViewController.swift */; };
		6E00C1252B5FACB5009DF9F5 /* HomeCollectionViewController.swift in Sources */ = {isa = PBXBuildFile; fileRef = 6E00C1222B5FACB5009DF9F5 /* HomeCollectionViewController.swift */; };
		6E00C1262B5FACB5009DF9F5 /* HomeCollectionViewController.swift in Sources */ = {isa = PBXBuildFile; fileRef = 6E00C1222B5FACB5009DF9F5 /* HomeCollectionViewController.swift */; };
		6E00C1272B5FACB5009DF9F5 /* HomeCollectionViewController.xib in Resources */ = {isa = PBXBuildFile; fileRef = 6E00C1232B5FACB5009DF9F5 /* HomeCollectionViewController.xib */; };
		6E00C1282B5FACB5009DF9F5 /* HomeCollectionViewController.xib in Resources */ = {isa = PBXBuildFile; fileRef = 6E00C1232B5FACB5009DF9F5 /* HomeCollectionViewController.xib */; };
		6E00C1292B5FACB5009DF9F5 /* HomeCollectionViewController.xib in Resources */ = {isa = PBXBuildFile; fileRef = 6E00C1232B5FACB5009DF9F5 /* HomeCollectionViewController.xib */; };
		6E00C12C2B60059B009DF9F5 /* HomeCustomCollectionViewCell.swift in Sources */ = {isa = PBXBuildFile; fileRef = 6E00C12A2B60059B009DF9F5 /* HomeCustomCollectionViewCell.swift */; };
		6E00C12D2B60059B009DF9F5 /* HomeCustomCollectionViewCell.swift in Sources */ = {isa = PBXBuildFile; fileRef = 6E00C12A2B60059B009DF9F5 /* HomeCustomCollectionViewCell.swift */; };
		6E00C12E2B60059B009DF9F5 /* HomeCustomCollectionViewCell.swift in Sources */ = {isa = PBXBuildFile; fileRef = 6E00C12A2B60059B009DF9F5 /* HomeCustomCollectionViewCell.swift */; };
		6E00C12F2B60059B009DF9F5 /* HomeCustomCollectionViewCell.xib in Resources */ = {isa = PBXBuildFile; fileRef = 6E00C12B2B60059B009DF9F5 /* HomeCustomCollectionViewCell.xib */; };
		6E00C1302B60059B009DF9F5 /* HomeCustomCollectionViewCell.xib in Resources */ = {isa = PBXBuildFile; fileRef = 6E00C12B2B60059B009DF9F5 /* HomeCustomCollectionViewCell.xib */; };
		6E00C1312B60059B009DF9F5 /* HomeCustomCollectionViewCell.xib in Resources */ = {isa = PBXBuildFile; fileRef = 6E00C12B2B60059B009DF9F5 /* HomeCustomCollectionViewCell.xib */; };
		6E00C1352B600694009DF9F5 /* TransformTableViewCell.swift in Sources */ = {isa = PBXBuildFile; fileRef = 6E00C1332B600694009DF9F5 /* TransformTableViewCell.swift */; };
		6E00C1362B600694009DF9F5 /* TransformTableViewCell.swift in Sources */ = {isa = PBXBuildFile; fileRef = 6E00C1332B600694009DF9F5 /* TransformTableViewCell.swift */; };
		6E00C1372B600694009DF9F5 /* TransformTableViewCell.swift in Sources */ = {isa = PBXBuildFile; fileRef = 6E00C1332B600694009DF9F5 /* TransformTableViewCell.swift */; };
		6E00C1382B600694009DF9F5 /* TransformTableViewCell.xib in Resources */ = {isa = PBXBuildFile; fileRef = 6E00C1342B600694009DF9F5 /* TransformTableViewCell.xib */; };
		6E00C1392B600694009DF9F5 /* TransformTableViewCell.xib in Resources */ = {isa = PBXBuildFile; fileRef = 6E00C1342B600694009DF9F5 /* TransformTableViewCell.xib */; };
		6E00C13A2B600694009DF9F5 /* TransformTableViewCell.xib in Resources */ = {isa = PBXBuildFile; fileRef = 6E00C1342B600694009DF9F5 /* TransformTableViewCell.xib */; };
		6E2F21F82B5E56B900D203CD /* AppDelegate.swift in Sources */ = {isa = PBXBuildFile; fileRef = 6E2F21F72B5E56B900D203CD /* AppDelegate.swift */; };
		6E2F21FA2B5E56B900D203CD /* SceneDelegate.swift in Sources */ = {isa = PBXBuildFile; fileRef = 6E2F21F92B5E56B900D203CD /* SceneDelegate.swift */; };
		6E2F22012B5E56BA00D203CD /* Assets.xcassets in Resources */ = {isa = PBXBuildFile; fileRef = 6E2F22002B5E56BA00D203CD /* Assets.xcassets */; };
		6E2F220F2B5E56BA00D203CD /* Practica_DisPatrones_AGGATests.swift in Sources */ = {isa = PBXBuildFile; fileRef = 6E2F220E2B5E56BA00D203CD /* Practica_DisPatrones_AGGATests.swift */; };
		6E2F22192B5E56BA00D203CD /* Practica_DisPatrones_AGGAUITests.swift in Sources */ = {isa = PBXBuildFile; fileRef = 6E2F22182B5E56BA00D203CD /* Practica_DisPatrones_AGGAUITests.swift */; };
		6E2F221B2B5E56BA00D203CD /* Practica_DisPatrones_AGGAUITestsLaunchTests.swift in Sources */ = {isa = PBXBuildFile; fileRef = 6E2F221A2B5E56BA00D203CD /* Practica_DisPatrones_AGGAUITestsLaunchTests.swift */; };
		6E2F22292B5E56EF00D203CD /* NetworkErrors.swift in Sources */ = {isa = PBXBuildFile; fileRef = 6E2F22282B5E56EF00D203CD /* NetworkErrors.swift */; };
		6E2F222D2B5E572400D203CD /* DragonBallData.swift in Sources */ = {isa = PBXBuildFile; fileRef = 6E2F222C2B5E572400D203CD /* DragonBallData.swift */; };
		6E64728A2B63ACDB008DF1BA /* DetailTransformViewController.swift in Sources */ = {isa = PBXBuildFile; fileRef = 6E6472882B63ACDB008DF1BA /* DetailTransformViewController.swift */; };
		6E64728B2B63ACDB008DF1BA /* DetailTransformViewController.swift in Sources */ = {isa = PBXBuildFile; fileRef = 6E6472882B63ACDB008DF1BA /* DetailTransformViewController.swift */; };
		6E64728C2B63ACDB008DF1BA /* DetailTransformViewController.swift in Sources */ = {isa = PBXBuildFile; fileRef = 6E6472882B63ACDB008DF1BA /* DetailTransformViewController.swift */; };
		6E64728D2B63ACDB008DF1BA /* DetailTransformViewController.xib in Resources */ = {isa = PBXBuildFile; fileRef = 6E6472892B63ACDB008DF1BA /* DetailTransformViewController.xib */; };
		6E64728E2B63ACDB008DF1BA /* DetailTransformViewController.xib in Resources */ = {isa = PBXBuildFile; fileRef = 6E6472892B63ACDB008DF1BA /* DetailTransformViewController.xib */; };
		6E64728F2B63ACDB008DF1BA /* DetailTransformViewController.xib in Resources */ = {isa = PBXBuildFile; fileRef = 6E6472892B63ACDB008DF1BA /* DetailTransformViewController.xib */; };
		6E6472922B63E54B008DF1BA /* DetailTransformViewModel.swift in Sources */ = {isa = PBXBuildFile; fileRef = 6E6472912B63E54B008DF1BA /* DetailTransformViewModel.swift */; };
		6E6472932B63E54B008DF1BA /* DetailTransformViewModel.swift in Sources */ = {isa = PBXBuildFile; fileRef = 6E6472912B63E54B008DF1BA /* DetailTransformViewModel.swift */; };
		6E6472942B63E54B008DF1BA /* DetailTransformViewModel.swift in Sources */ = {isa = PBXBuildFile; fileRef = 6E6472912B63E54B008DF1BA /* DetailTransformViewModel.swift */; };
		6ECF06912B64F384002860AF /* LoginUseCaseTest.swift in Sources */ = {isa = PBXBuildFile; fileRef = 6ECF06902B64F384002860AF /* LoginUseCaseTest.swift */; };
		6ECF06932B64F3D2002860AF /* GenericArrayUseCaseTest.swift in Sources */ = {isa = PBXBuildFile; fileRef = 6ECF06922B64F3D2002860AF /* GenericArrayUseCaseTest.swift */; };
		6ECF06952B64F61A002860AF /* MockURLProtocol.swift in Sources */ = {isa = PBXBuildFile; fileRef = 6ECF06942B64F61A002860AF /* MockURLProtocol.swift */; };
		6ED1EAFF2B6106F7001AE185 /* GenericArrayUseCase.swift in Sources */ = {isa = PBXBuildFile; fileRef = 6ED1EAFE2B6106F7001AE185 /* GenericArrayUseCase.swift */; };
		6ED1EB002B6106F7001AE185 /* GenericArrayUseCase.swift in Sources */ = {isa = PBXBuildFile; fileRef = 6ED1EAFE2B6106F7001AE185 /* GenericArrayUseCase.swift */; };
		6ED1EB012B6106F7001AE185 /* GenericArrayUseCase.swift in Sources */ = {isa = PBXBuildFile; fileRef = 6ED1EAFE2B6106F7001AE185 /* GenericArrayUseCase.swift */; };
		6ED1EB042B614517001AE185 /* DetailHeroViewModel.swift in Sources */ = {isa = PBXBuildFile; fileRef = 6ED1EB032B614517001AE185 /* DetailHeroViewModel.swift */; };
		6ED1EB052B614517001AE185 /* DetailHeroViewModel.swift in Sources */ = {isa = PBXBuildFile; fileRef = 6ED1EB032B614517001AE185 /* DetailHeroViewModel.swift */; };
		6ED1EB062B614517001AE185 /* DetailHeroViewModel.swift in Sources */ = {isa = PBXBuildFile; fileRef = 6ED1EB032B614517001AE185 /* DetailHeroViewModel.swift */; };
		6ED1EB0A2B614D9C001AE185 /* DetailHeroViewController.swift in Sources */ = {isa = PBXBuildFile; fileRef = 6ED1EB082B614D9C001AE185 /* DetailHeroViewController.swift */; };
		6ED1EB0B2B614D9C001AE185 /* DetailHeroViewController.swift in Sources */ = {isa = PBXBuildFile; fileRef = 6ED1EB082B614D9C001AE185 /* DetailHeroViewController.swift */; };
		6ED1EB0C2B614D9C001AE185 /* DetailHeroViewController.swift in Sources */ = {isa = PBXBuildFile; fileRef = 6ED1EB082B614D9C001AE185 /* DetailHeroViewController.swift */; };
		6ED1EB0D2B614D9C001AE185 /* DetailHeroViewController.xib in Resources */ = {isa = PBXBuildFile; fileRef = 6ED1EB092B614D9C001AE185 /* DetailHeroViewController.xib */; };
		6ED1EB0E2B614D9C001AE185 /* DetailHeroViewController.xib in Resources */ = {isa = PBXBuildFile; fileRef = 6ED1EB092B614D9C001AE185 /* DetailHeroViewController.xib */; };
		6ED1EB0F2B614D9C001AE185 /* DetailHeroViewController.xib in Resources */ = {isa = PBXBuildFile; fileRef = 6ED1EB092B614D9C001AE185 /* DetailHeroViewController.xib */; };
		6ED2AF6B2B60393000F3134A /* HomeViewModel.swift in Sources */ = {isa = PBXBuildFile; fileRef = 6ED2AF6A2B60393000F3134A /* HomeViewModel.swift */; };
		6ED2AF6D2B6039F900F3134A /* GenericStatusLoad.swift in Sources */ = {isa = PBXBuildFile; fileRef = 6ED2AF6C2B6039F900F3134A /* GenericStatusLoad.swift */; };
		6ED2AF6E2B6039F900F3134A /* GenericStatusLoad.swift in Sources */ = {isa = PBXBuildFile; fileRef = 6ED2AF6C2B6039F900F3134A /* GenericStatusLoad.swift */; };
		6ED2AF6F2B6039F900F3134A /* GenericStatusLoad.swift in Sources */ = {isa = PBXBuildFile; fileRef = 6ED2AF6C2B6039F900F3134A /* GenericStatusLoad.swift */; };
		6ED478A52B625B3800FB9BB2 /* TransformTableViewModel.swift in Sources */ = {isa = PBXBuildFile; fileRef = 6ED478A42B625B3800FB9BB2 /* TransformTableViewModel.swift */; };
		6ED478A82B625D6000FB9BB2 /* TransformTableViewController.swift in Sources */ = {isa = PBXBuildFile; fileRef = 6ED478A62B625D6000FB9BB2 /* TransformTableViewController.swift */; };
		6ED478A92B625D6000FB9BB2 /* TransformTableViewController.swift in Sources */ = {isa = PBXBuildFile; fileRef = 6ED478A62B625D6000FB9BB2 /* TransformTableViewController.swift */; };
		6ED478AA2B625D6000FB9BB2 /* TransformTableViewController.swift in Sources */ = {isa = PBXBuildFile; fileRef = 6ED478A62B625D6000FB9BB2 /* TransformTableViewController.swift */; };
		6ED478AB2B625D6000FB9BB2 /* TransformTableViewController.xib in Resources */ = {isa = PBXBuildFile; fileRef = 6ED478A72B625D6000FB9BB2 /* TransformTableViewController.xib */; };
		6ED478AC2B625D6000FB9BB2 /* TransformTableViewController.xib in Resources */ = {isa = PBXBuildFile; fileRef = 6ED478A72B625D6000FB9BB2 /* TransformTableViewController.xib */; };
		6ED478AD2B625D6000FB9BB2 /* TransformTableViewController.xib in Resources */ = {isa = PBXBuildFile; fileRef = 6ED478A72B625D6000FB9BB2 /* TransformTableViewController.xib */; };
		6ED478AE2B625D7400FB9BB2 /* TransformTableViewModel.swift in Sources */ = {isa = PBXBuildFile; fileRef = 6ED478A42B625B3800FB9BB2 /* TransformTableViewModel.swift */; };
		6ED478AF2B625D7400FB9BB2 /* TransformTableViewModel.swift in Sources */ = {isa = PBXBuildFile; fileRef = 6ED478A42B625B3800FB9BB2 /* TransformTableViewModel.swift */; };
		6ED478B02B625D7900FB9BB2 /* HomeViewModel.swift in Sources */ = {isa = PBXBuildFile; fileRef = 6ED2AF6A2B60393000F3134A /* HomeViewModel.swift */; };
		6ED478B12B625D7900FB9BB2 /* HomeViewModel.swift in Sources */ = {isa = PBXBuildFile; fileRef = 6ED2AF6A2B60393000F3134A /* HomeViewModel.swift */; };
		6ED478B22B625D8400FB9BB2 /* EndPoints.swift in Sources */ = {isa = PBXBuildFile; fileRef = 6E00C0F42B5F945B009DF9F5 /* EndPoints.swift */; };
		6ED478B32B625D8500FB9BB2 /* EndPoints.swift in Sources */ = {isa = PBXBuildFile; fileRef = 6E00C0F42B5F945B009DF9F5 /* EndPoints.swift */; };
		6EFF95A52B5E9FB000C752CA /* UIImage+URL.swift in Sources */ = {isa = PBXBuildFile; fileRef = 6EFF95A42B5E9FB000C752CA /* UIImage+URL.swift */; };
		6EFF95A72B5E9FC800C752CA /* NavItem + Confi.swift in Sources */ = {isa = PBXBuildFile; fileRef = 6EFF95A62B5E9FC800C752CA /* NavItem + Confi.swift */; };
		6EFF95A92B5EA50C00C752CA /* UIColor + ColorScheme.swift in Sources */ = {isa = PBXBuildFile; fileRef = 6EFF95A82B5EA50C00C752CA /* UIColor + ColorScheme.swift */; };
		6EFF95AF2B5EAB7900C752CA /* LoginViewController.swift in Sources */ = {isa = PBXBuildFile; fileRef = 6EFF95AD2B5EAB7900C752CA /* LoginViewController.swift */; };
		6EFF95B02B5EAB7900C752CA /* LoginViewController.xib in Resources */ = {isa = PBXBuildFile; fileRef = 6EFF95AE2B5EAB7900C752CA /* LoginViewController.xib */; };
		6EFF95B42B5EAF5400C752CA /* LaunchScreen.xib in Resources */ = {isa = PBXBuildFile; fileRef = 6EFF95B32B5EAF5400C752CA /* LaunchScreen.xib */; };
/* End PBXBuildFile section */

/* Begin PBXContainerItemProxy section */
		6E2F220B2B5E56BA00D203CD /* PBXContainerItemProxy */ = {
			isa = PBXContainerItemProxy;
			containerPortal = 6E2F21EC2B5E56B900D203CD /* Project object */;
			proxyType = 1;
			remoteGlobalIDString = 6E2F21F32B5E56B900D203CD;
			remoteInfo = Practica_DisPatrones_AGGA;
		};
		6E2F22152B5E56BA00D203CD /* PBXContainerItemProxy */ = {
			isa = PBXContainerItemProxy;
			containerPortal = 6E2F21EC2B5E56B900D203CD /* Project object */;
			proxyType = 1;
			remoteGlobalIDString = 6E2F21F32B5E56B900D203CD;
			remoteInfo = Practica_DisPatrones_AGGA;
		};
/* End PBXContainerItemProxy section */

/* Begin PBXFileReference section */
		6E00C0F42B5F945B009DF9F5 /* EndPoints.swift */ = {isa = PBXFileReference; lastKnownFileType = sourcecode.swift; path = EndPoints.swift; sourceTree = "<group>"; };
		6E00C0F62B5F94C5009DF9F5 /* HTTPResponse.swift */ = {isa = PBXFileReference; lastKnownFileType = sourcecode.swift; path = HTTPResponse.swift; sourceTree = "<group>"; };
		6E00C0F82B5F94EC009DF9F5 /* HTTPMethods.swift */ = {isa = PBXFileReference; lastKnownFileType = sourcecode.swift; path = HTTPMethods.swift; sourceTree = "<group>"; };
		6E00C1112B5F9B90009DF9F5 /* LoginViewModel.swift */ = {isa = PBXFileReference; lastKnownFileType = sourcecode.swift; path = LoginViewModel.swift; sourceTree = "<group>"; };
		6E00C1132B5F9C11009DF9F5 /* LoginStatusLoad.swift */ = {isa = PBXFileReference; lastKnownFileType = sourcecode.swift; path = LoginStatusLoad.swift; sourceTree = "<group>"; };
		6E00C1192B5FA08B009DF9F5 /* LoginUseCase.swift */ = {isa = PBXFileReference; lastKnownFileType = sourcecode.swift; path = LoginUseCase.swift; sourceTree = "<group>"; };
		6E00C11D2B5FAB57009DF9F5 /* LocalDataModel.swift */ = {isa = PBXFileReference; fileEncoding = 4; lastKnownFileType = sourcecode.swift; path = LocalDataModel.swift; sourceTree = "<group>"; };
		6E00C1222B5FACB5009DF9F5 /* HomeCollectionViewController.swift */ = {isa = PBXFileReference; lastKnownFileType = sourcecode.swift; path = HomeCollectionViewController.swift; sourceTree = "<group>"; };
		6E00C1232B5FACB5009DF9F5 /* HomeCollectionViewController.xib */ = {isa = PBXFileReference; lastKnownFileType = file.xib; path = HomeCollectionViewController.xib; sourceTree = "<group>"; };
		6E00C12A2B60059B009DF9F5 /* HomeCustomCollectionViewCell.swift */ = {isa = PBXFileReference; lastKnownFileType = sourcecode.swift; path = HomeCustomCollectionViewCell.swift; sourceTree = "<group>"; };
		6E00C12B2B60059B009DF9F5 /* HomeCustomCollectionViewCell.xib */ = {isa = PBXFileReference; lastKnownFileType = file.xib; path = HomeCustomCollectionViewCell.xib; sourceTree = "<group>"; };
		6E00C1332B600694009DF9F5 /* TransformTableViewCell.swift */ = {isa = PBXFileReference; lastKnownFileType = sourcecode.swift; path = TransformTableViewCell.swift; sourceTree = "<group>"; };
		6E00C1342B600694009DF9F5 /* TransformTableViewCell.xib */ = {isa = PBXFileReference; lastKnownFileType = file.xib; path = TransformTableViewCell.xib; sourceTree = "<group>"; };
		6E2F21F42B5E56B900D203CD /* Practica_DisPatrones_AGGA.app */ = {isa = PBXFileReference; explicitFileType = wrapper.application; includeInIndex = 0; path = Practica_DisPatrones_AGGA.app; sourceTree = BUILT_PRODUCTS_DIR; };
		6E2F21F72B5E56B900D203CD /* AppDelegate.swift */ = {isa = PBXFileReference; lastKnownFileType = sourcecode.swift; path = AppDelegate.swift; sourceTree = "<group>"; };
		6E2F21F92B5E56B900D203CD /* SceneDelegate.swift */ = {isa = PBXFileReference; lastKnownFileType = sourcecode.swift; path = SceneDelegate.swift; sourceTree = "<group>"; };
		6E2F22002B5E56BA00D203CD /* Assets.xcassets */ = {isa = PBXFileReference; lastKnownFileType = folder.assetcatalog; path = Assets.xcassets; sourceTree = "<group>"; };
		6E2F22052B5E56BA00D203CD /* Info.plist */ = {isa = PBXFileReference; lastKnownFileType = text.plist.xml; path = Info.plist; sourceTree = "<group>"; };
		6E2F220A2B5E56BA00D203CD /* Practica_DisPatrones_AGGATests.xctest */ = {isa = PBXFileReference; explicitFileType = wrapper.cfbundle; includeInIndex = 0; path = Practica_DisPatrones_AGGATests.xctest; sourceTree = BUILT_PRODUCTS_DIR; };
		6E2F220E2B5E56BA00D203CD /* Practica_DisPatrones_AGGATests.swift */ = {isa = PBXFileReference; lastKnownFileType = sourcecode.swift; path = Practica_DisPatrones_AGGATests.swift; sourceTree = "<group>"; };
		6E2F22142B5E56BA00D203CD /* Practica_DisPatrones_AGGAUITests.xctest */ = {isa = PBXFileReference; explicitFileType = wrapper.cfbundle; includeInIndex = 0; path = Practica_DisPatrones_AGGAUITests.xctest; sourceTree = BUILT_PRODUCTS_DIR; };
		6E2F22182B5E56BA00D203CD /* Practica_DisPatrones_AGGAUITests.swift */ = {isa = PBXFileReference; lastKnownFileType = sourcecode.swift; path = Practica_DisPatrones_AGGAUITests.swift; sourceTree = "<group>"; };
		6E2F221A2B5E56BA00D203CD /* Practica_DisPatrones_AGGAUITestsLaunchTests.swift */ = {isa = PBXFileReference; lastKnownFileType = sourcecode.swift; path = Practica_DisPatrones_AGGAUITestsLaunchTests.swift; sourceTree = "<group>"; };
		6E2F22282B5E56EF00D203CD /* NetworkErrors.swift */ = {isa = PBXFileReference; lastKnownFileType = sourcecode.swift; path = NetworkErrors.swift; sourceTree = "<group>"; };
		6E2F222C2B5E572400D203CD /* DragonBallData.swift */ = {isa = PBXFileReference; lastKnownFileType = sourcecode.swift; path = DragonBallData.swift; sourceTree = "<group>"; };
		6E6472882B63ACDB008DF1BA /* DetailTransformViewController.swift */ = {isa = PBXFileReference; lastKnownFileType = sourcecode.swift; path = DetailTransformViewController.swift; sourceTree = "<group>"; };
		6E6472892B63ACDB008DF1BA /* DetailTransformViewController.xib */ = {isa = PBXFileReference; lastKnownFileType = file.xib; path = DetailTransformViewController.xib; sourceTree = "<group>"; };
		6E6472912B63E54B008DF1BA /* DetailTransformViewModel.swift */ = {isa = PBXFileReference; lastKnownFileType = sourcecode.swift; path = DetailTransformViewModel.swift; sourceTree = "<group>"; };
		6ECF06902B64F384002860AF /* LoginUseCaseTest.swift */ = {isa = PBXFileReference; lastKnownFileType = sourcecode.swift; path = LoginUseCaseTest.swift; sourceTree = "<group>"; };
		6ECF06922B64F3D2002860AF /* GenericArrayUseCaseTest.swift */ = {isa = PBXFileReference; lastKnownFileType = sourcecode.swift; path = GenericArrayUseCaseTest.swift; sourceTree = "<group>"; };
		6ECF06942B64F61A002860AF /* MockURLProtocol.swift */ = {isa = PBXFileReference; lastKnownFileType = sourcecode.swift; path = MockURLProtocol.swift; sourceTree = "<group>"; };
		6ED1EAFE2B6106F7001AE185 /* GenericArrayUseCase.swift */ = {isa = PBXFileReference; lastKnownFileType = sourcecode.swift; path = GenericArrayUseCase.swift; sourceTree = "<group>"; };
		6ED1EB032B614517001AE185 /* DetailHeroViewModel.swift */ = {isa = PBXFileReference; lastKnownFileType = sourcecode.swift; path = DetailHeroViewModel.swift; sourceTree = "<group>"; };
		6ED1EB082B614D9C001AE185 /* DetailHeroViewController.swift */ = {isa = PBXFileReference; lastKnownFileType = sourcecode.swift; path = DetailHeroViewController.swift; sourceTree = "<group>"; };
		6ED1EB092B614D9C001AE185 /* DetailHeroViewController.xib */ = {isa = PBXFileReference; lastKnownFileType = file.xib; path = DetailHeroViewController.xib; sourceTree = "<group>"; };
		6ED2AF6A2B60393000F3134A /* HomeViewModel.swift */ = {isa = PBXFileReference; lastKnownFileType = sourcecode.swift; path = HomeViewModel.swift; sourceTree = "<group>"; };
		6ED2AF6C2B6039F900F3134A /* GenericStatusLoad.swift */ = {isa = PBXFileReference; lastKnownFileType = sourcecode.swift; path = GenericStatusLoad.swift; sourceTree = "<group>"; };
		6ED478A42B625B3800FB9BB2 /* TransformTableViewModel.swift */ = {isa = PBXFileReference; lastKnownFileType = sourcecode.swift; path = TransformTableViewModel.swift; sourceTree = "<group>"; };
		6ED478A62B625D6000FB9BB2 /* TransformTableViewController.swift */ = {isa = PBXFileReference; lastKnownFileType = sourcecode.swift; path = TransformTableViewController.swift; sourceTree = "<group>"; };
		6ED478A72B625D6000FB9BB2 /* TransformTableViewController.xib */ = {isa = PBXFileReference; lastKnownFileType = file.xib; path = TransformTableViewController.xib; sourceTree = "<group>"; };
		6EFF95A42B5E9FB000C752CA /* UIImage+URL.swift */ = {isa = PBXFileReference; lastKnownFileType = sourcecode.swift; path = "UIImage+URL.swift"; sourceTree = "<group>"; };
		6EFF95A62B5E9FC800C752CA /* NavItem + Confi.swift */ = {isa = PBXFileReference; lastKnownFileType = sourcecode.swift; path = "NavItem + Confi.swift"; sourceTree = "<group>"; };
		6EFF95A82B5EA50C00C752CA /* UIColor + ColorScheme.swift */ = {isa = PBXFileReference; lastKnownFileType = sourcecode.swift; path = "UIColor + ColorScheme.swift"; sourceTree = "<group>"; };
		6EFF95AD2B5EAB7900C752CA /* LoginViewController.swift */ = {isa = PBXFileReference; lastKnownFileType = sourcecode.swift; path = LoginViewController.swift; sourceTree = "<group>"; };
		6EFF95AE2B5EAB7900C752CA /* LoginViewController.xib */ = {isa = PBXFileReference; lastKnownFileType = file.xib; path = LoginViewController.xib; sourceTree = "<group>"; };
		6EFF95B32B5EAF5400C752CA /* LaunchScreen.xib */ = {isa = PBXFileReference; lastKnownFileType = file.xib; path = LaunchScreen.xib; sourceTree = "<group>"; };
/* End PBXFileReference section */

/* Begin PBXFrameworksBuildPhase section */
		6E2F21F12B5E56B900D203CD /* Frameworks */ = {
			isa = PBXFrameworksBuildPhase;
			buildActionMask = 2147483647;
			files = (
			);
			runOnlyForDeploymentPostprocessing = 0;
		};
		6E2F22072B5E56BA00D203CD /* Frameworks */ = {
			isa = PBXFrameworksBuildPhase;
			buildActionMask = 2147483647;
			files = (
			);
			runOnlyForDeploymentPostprocessing = 0;
		};
		6E2F22112B5E56BA00D203CD /* Frameworks */ = {
			isa = PBXFrameworksBuildPhase;
			buildActionMask = 2147483647;
			files = (
			);
			runOnlyForDeploymentPostprocessing = 0;
		};
/* End PBXFrameworksBuildPhase section */

/* Begin PBXGroup section */
		6E00C0E92B5F92E5009DF9F5 /* Presentation */ = {
			isa = PBXGroup;
			children = (
				6E00C0EA2B5F92F0009DF9F5 /* Views */,
				6E00C0EB2B5F92F8009DF9F5 /* ViewModels */,
			);
			path = Presentation;
			sourceTree = "<group>";
		};
		6E00C0EA2B5F92F0009DF9F5 /* Views */ = {
			isa = PBXGroup;
			children = (
				6E64727F2B639EC7008DF1BA /* DetailTransform */,
				6E00C1322B60066A009DF9F5 /* Transform */,
				6ED1EB072B614D73001AE185 /* DetailHero */,
				6E00C1212B5FAC61009DF9F5 /* Home */,
				6E00C0F32B5F9415009DF9F5 /* Login */,
			);
			path = Views;
			sourceTree = "<group>";
		};
		6E00C0EB2B5F92F8009DF9F5 /* ViewModels */ = {
			isa = PBXGroup;
			children = (
				6E6472902B63E532008DF1BA /* DetailTransform */,
				6ED478A32B625B1E00FB9BB2 /* TransformTable */,
				6ED1EB022B6144D6001AE185 /* DetailHero */,
				6ED2AF692B60392000F3134A /* Home */,
				6E00C1102B5F9B85009DF9F5 /* Login */,
			);
			path = ViewModels;
			sourceTree = "<group>";
		};
		6E00C0EC2B5F9308009DF9F5 /* Domain */ = {
			isa = PBXGroup;
			children = (
				6E00C0ED2B5F930F009DF9F5 /* UseCases */,
				6E00C0EE2B5F9317009DF9F5 /* Models */,
			);
			path = Domain;
			sourceTree = "<group>";
		};
		6E00C0ED2B5F930F009DF9F5 /* UseCases */ = {
			isa = PBXGroup;
			children = (
				6E00C1192B5FA08B009DF9F5 /* LoginUseCase.swift */,
				6ED1EAFE2B6106F7001AE185 /* GenericArrayUseCase.swift */,
			);
			path = UseCases;
			sourceTree = "<group>";
		};
		6E00C0EE2B5F9317009DF9F5 /* Models */ = {
			isa = PBXGroup;
			children = (
				6E00C1132B5F9C11009DF9F5 /* LoginStatusLoad.swift */,
				6ED2AF6C2B6039F900F3134A /* GenericStatusLoad.swift */,
			);
			path = Models;
			sourceTree = "<group>";
		};
		6E00C0EF2B5F931F009DF9F5 /* Data */ = {
			isa = PBXGroup;
			children = (
				6E00C0F02B5F9326009DF9F5 /* Repository */,
				6E00C0F12B5F932B009DF9F5 /* Network */,
				6E00C0F22B5F9332009DF9F5 /* Local */,
			);
			path = Data;
			sourceTree = "<group>";
		};
		6E00C0F02B5F9326009DF9F5 /* Repository */ = {
			isa = PBXGroup;
			children = (
			);
			path = Repository;
			sourceTree = "<group>";
		};
		6E00C0F12B5F932B009DF9F5 /* Network */ = {
			isa = PBXGroup;
			children = (
				6E00C10C2B5F964D009DF9F5 /* BaseNetwork */,
			);
			path = Network;
			sourceTree = "<group>";
		};
		6E00C0F22B5F9332009DF9F5 /* Local */ = {
			isa = PBXGroup;
			children = (
				6E00C11D2B5FAB57009DF9F5 /* LocalDataModel.swift */,
			);
			path = Local;
			sourceTree = "<group>";
		};
		6E00C0F32B5F9415009DF9F5 /* Login */ = {
			isa = PBXGroup;
			children = (
				6EFF95AD2B5EAB7900C752CA /* LoginViewController.swift */,
				6EFF95AE2B5EAB7900C752CA /* LoginViewController.xib */,
			);
			path = Login;
			sourceTree = "<group>";
		};
		6E00C10C2B5F964D009DF9F5 /* BaseNetwork */ = {
			isa = PBXGroup;
			children = (
				6E00C0F42B5F945B009DF9F5 /* EndPoints.swift */,
				6E2F22282B5E56EF00D203CD /* NetworkErrors.swift */,
				6E00C0F62B5F94C5009DF9F5 /* HTTPResponse.swift */,
				6E00C0F82B5F94EC009DF9F5 /* HTTPMethods.swift */,
			);
			path = BaseNetwork;
			sourceTree = "<group>";
		};
		6E00C1102B5F9B85009DF9F5 /* Login */ = {
			isa = PBXGroup;
			children = (
				6E00C1112B5F9B90009DF9F5 /* LoginViewModel.swift */,
			);
			path = Login;
			sourceTree = "<group>";
		};
		6E00C1212B5FAC61009DF9F5 /* Home */ = {
			isa = PBXGroup;
			children = (
				6E00C1222B5FACB5009DF9F5 /* HomeCollectionViewController.swift */,
				6E00C1232B5FACB5009DF9F5 /* HomeCollectionViewController.xib */,
				6E00C12A2B60059B009DF9F5 /* HomeCustomCollectionViewCell.swift */,
				6E00C12B2B60059B009DF9F5 /* HomeCustomCollectionViewCell.xib */,
			);
			path = Home;
			sourceTree = "<group>";
		};
		6E00C1322B60066A009DF9F5 /* Transform */ = {
			isa = PBXGroup;
			children = (
				6E00C1332B600694009DF9F5 /* TransformTableViewCell.swift */,
				6E00C1342B600694009DF9F5 /* TransformTableViewCell.xib */,
				6ED478A62B625D6000FB9BB2 /* TransformTableViewController.swift */,
				6ED478A72B625D6000FB9BB2 /* TransformTableViewController.xib */,
			);
			path = Transform;
			sourceTree = "<group>";
		};
		6E2F21EB2B5E56B900D203CD = {
			isa = PBXGroup;
			children = (
				6E2F21F62B5E56B900D203CD /* Practica_DisPatrones_AGGA */,
				6E2F220D2B5E56BA00D203CD /* Practica_DisPatrones_AGGATests */,
				6E2F22172B5E56BA00D203CD /* Practica_DisPatrones_AGGAUITests */,
				6E2F21F52B5E56B900D203CD /* Products */,
			);
			sourceTree = "<group>";
		};
		6E2F21F52B5E56B900D203CD /* Products */ = {
			isa = PBXGroup;
			children = (
				6E2F21F42B5E56B900D203CD /* Practica_DisPatrones_AGGA.app */,
				6E2F220A2B5E56BA00D203CD /* Practica_DisPatrones_AGGATests.xctest */,
				6E2F22142B5E56BA00D203CD /* Practica_DisPatrones_AGGAUITests.xctest */,
			);
			name = Products;
			sourceTree = "<group>";
		};
		6E2F21F62B5E56B900D203CD /* Practica_DisPatrones_AGGA */ = {
			isa = PBXGroup;
			children = (
				6E2F21F72B5E56B900D203CD /* AppDelegate.swift */,
				6E2F21F92B5E56B900D203CD /* SceneDelegate.swift */,
				6EFF95B32B5EAF5400C752CA /* LaunchScreen.xib */,
				6E2F22002B5E56BA00D203CD /* Assets.xcassets */,
				6E2F22052B5E56BA00D203CD /* Info.plist */,
				6E00C0E92B5F92E5009DF9F5 /* Presentation */,
				6E00C0EC2B5F9308009DF9F5 /* Domain */,
				6E00C0EF2B5F931F009DF9F5 /* Data */,
				6EFF95A32B5E9F9E00C752CA /* Extension */,
				6E2F22272B5E56DD00D203CD /* Models */,
			);
			path = Practica_DisPatrones_AGGA;
			sourceTree = "<group>";
		};
		6E2F220D2B5E56BA00D203CD /* Practica_DisPatrones_AGGATests */ = {
			isa = PBXGroup;
			children = (
				6E2F220E2B5E56BA00D203CD /* Practica_DisPatrones_AGGATests.swift */,
				6ECF06902B64F384002860AF /* LoginUseCaseTest.swift */,
				6ECF06922B64F3D2002860AF /* GenericArrayUseCaseTest.swift */,
				6ECF06942B64F61A002860AF /* MockURLProtocol.swift */,
			);
			path = Practica_DisPatrones_AGGATests;
			sourceTree = "<group>";
		};
		6E2F22172B5E56BA00D203CD /* Practica_DisPatrones_AGGAUITests */ = {
			isa = PBXGroup;
			children = (
				6E2F22182B5E56BA00D203CD /* Practica_DisPatrones_AGGAUITests.swift */,
				6E2F221A2B5E56BA00D203CD /* Practica_DisPatrones_AGGAUITestsLaunchTests.swift */,
			);
			path = Practica_DisPatrones_AGGAUITests;
			sourceTree = "<group>";
		};
		6E2F22272B5E56DD00D203CD /* Models */ = {
			isa = PBXGroup;
			children = (
				6E2F222C2B5E572400D203CD /* DragonBallData.swift */,
			);
			path = Models;
			sourceTree = "<group>";
		};
		6E64727F2B639EC7008DF1BA /* DetailTransform */ = {
			isa = PBXGroup;
			children = (
				6E6472882B63ACDB008DF1BA /* DetailTransformViewController.swift */,
				6E6472892B63ACDB008DF1BA /* DetailTransformViewController.xib */,
			);
			path = DetailTransform;
			sourceTree = "<group>";
		};
		6E6472902B63E532008DF1BA /* DetailTransform */ = {
			isa = PBXGroup;
			children = (
				6E6472912B63E54B008DF1BA /* DetailTransformViewModel.swift */,
			);
			path = DetailTransform;
			sourceTree = "<group>";
		};
		6ED1EB022B6144D6001AE185 /* DetailHero */ = {
			isa = PBXGroup;
			children = (
				6ED1EB032B614517001AE185 /* DetailHeroViewModel.swift */,
			);
			path = DetailHero;
			sourceTree = "<group>";
		};
		6ED1EB072B614D73001AE185 /* DetailHero */ = {
			isa = PBXGroup;
			children = (
				6ED1EB082B614D9C001AE185 /* DetailHeroViewController.swift */,
				6ED1EB092B614D9C001AE185 /* DetailHeroViewController.xib */,
			);
			path = DetailHero;
			sourceTree = "<group>";
		};
		6ED2AF692B60392000F3134A /* Home */ = {
			isa = PBXGroup;
			children = (
				6ED2AF6A2B60393000F3134A /* HomeViewModel.swift */,
			);
			path = Home;
			sourceTree = "<group>";
		};
		6ED478A32B625B1E00FB9BB2 /* TransformTable */ = {
			isa = PBXGroup;
			children = (
				6ED478A42B625B3800FB9BB2 /* TransformTableViewModel.swift */,
			);
			path = TransformTable;
			sourceTree = "<group>";
		};
		6EFF95A32B5E9F9E00C752CA /* Extension */ = {
			isa = PBXGroup;
			children = (
				6EFF95A42B5E9FB000C752CA /* UIImage+URL.swift */,
				6EFF95A62B5E9FC800C752CA /* NavItem + Confi.swift */,
				6EFF95A82B5EA50C00C752CA /* UIColor + ColorScheme.swift */,
			);
			path = Extension;
			sourceTree = "<group>";
		};
/* End PBXGroup section */

/* Begin PBXNativeTarget section */
		6E2F21F32B5E56B900D203CD /* Practica_DisPatrones_AGGA */ = {
			isa = PBXNativeTarget;
			buildConfigurationList = 6E2F221E2B5E56BA00D203CD /* Build configuration list for PBXNativeTarget "Practica_DisPatrones_AGGA" */;
			buildPhases = (
				6E2F21F02B5E56B900D203CD /* Sources */,
				6E2F21F12B5E56B900D203CD /* Frameworks */,
				6E2F21F22B5E56B900D203CD /* Resources */,
			);
			buildRules = (
			);
			dependencies = (
			);
			name = Practica_DisPatrones_AGGA;
			productName = Practica_DisPatrones_AGGA;
			productReference = 6E2F21F42B5E56B900D203CD /* Practica_DisPatrones_AGGA.app */;
			productType = "com.apple.product-type.application";
		};
		6E2F22092B5E56BA00D203CD /* Practica_DisPatrones_AGGATests */ = {
			isa = PBXNativeTarget;
			buildConfigurationList = 6E2F22212B5E56BA00D203CD /* Build configuration list for PBXNativeTarget "Practica_DisPatrones_AGGATests" */;
			buildPhases = (
				6E2F22062B5E56BA00D203CD /* Sources */,
				6E2F22072B5E56BA00D203CD /* Frameworks */,
				6E2F22082B5E56BA00D203CD /* Resources */,
			);
			buildRules = (
			);
			dependencies = (
				6E2F220C2B5E56BA00D203CD /* PBXTargetDependency */,
			);
			name = Practica_DisPatrones_AGGATests;
			productName = Practica_DisPatrones_AGGATests;
			productReference = 6E2F220A2B5E56BA00D203CD /* Practica_DisPatrones_AGGATests.xctest */;
			productType = "com.apple.product-type.bundle.unit-test";
		};
		6E2F22132B5E56BA00D203CD /* Practica_DisPatrones_AGGAUITests */ = {
			isa = PBXNativeTarget;
			buildConfigurationList = 6E2F22242B5E56BA00D203CD /* Build configuration list for PBXNativeTarget "Practica_DisPatrones_AGGAUITests" */;
			buildPhases = (
				6E2F22102B5E56BA00D203CD /* Sources */,
				6E2F22112B5E56BA00D203CD /* Frameworks */,
				6E2F22122B5E56BA00D203CD /* Resources */,
			);
			buildRules = (
			);
			dependencies = (
				6E2F22162B5E56BA00D203CD /* PBXTargetDependency */,
			);
			name = Practica_DisPatrones_AGGAUITests;
			productName = Practica_DisPatrones_AGGAUITests;
			productReference = 6E2F22142B5E56BA00D203CD /* Practica_DisPatrones_AGGAUITests.xctest */;
			productType = "com.apple.product-type.bundle.ui-testing";
		};
/* End PBXNativeTarget section */

/* Begin PBXProject section */
		6E2F21EC2B5E56B900D203CD /* Project object */ = {
			isa = PBXProject;
			attributes = {
				BuildIndependentTargetsInParallel = 1;
				LastSwiftUpdateCheck = 1500;
				LastUpgradeCheck = 1500;
				TargetAttributes = {
					6E2F21F32B5E56B900D203CD = {
						CreatedOnToolsVersion = 15.0.1;
					};
					6E2F22092B5E56BA00D203CD = {
						CreatedOnToolsVersion = 15.0.1;
						TestTargetID = 6E2F21F32B5E56B900D203CD;
					};
					6E2F22132B5E56BA00D203CD = {
						CreatedOnToolsVersion = 15.0.1;
						TestTargetID = 6E2F21F32B5E56B900D203CD;
					};
				};
			};
			buildConfigurationList = 6E2F21EF2B5E56B900D203CD /* Build configuration list for PBXProject "Practica_DisPatrones_AGGA" */;
			compatibilityVersion = "Xcode 14.0";
			developmentRegion = en;
			hasScannedForEncodings = 0;
			knownRegions = (
				en,
				Base,
			);
			mainGroup = 6E2F21EB2B5E56B900D203CD;
			productRefGroup = 6E2F21F52B5E56B900D203CD /* Products */;
			projectDirPath = "";
			projectRoot = "";
			targets = (
				6E2F21F32B5E56B900D203CD /* Practica_DisPatrones_AGGA */,
				6E2F22092B5E56BA00D203CD /* Practica_DisPatrones_AGGATests */,
				6E2F22132B5E56BA00D203CD /* Practica_DisPatrones_AGGAUITests */,
			);
		};
/* End PBXProject section */

/* Begin PBXResourcesBuildPhase section */
		6E2F21F22B5E56B900D203CD /* Resources */ = {
			isa = PBXResourcesBuildPhase;
			buildActionMask = 2147483647;
			files = (
				6ED478AB2B625D6000FB9BB2 /* TransformTableViewController.xib in Resources */,
				6E2F22012B5E56BA00D203CD /* Assets.xcassets in Resources */,
				6EFF95B42B5EAF5400C752CA /* LaunchScreen.xib in Resources */,
				6E00C1382B600694009DF9F5 /* TransformTableViewCell.xib in Resources */,
				6EFF95B02B5EAB7900C752CA /* LoginViewController.xib in Resources */,
				6ED1EB0D2B614D9C001AE185 /* DetailHeroViewController.xib in Resources */,
				6E64728D2B63ACDB008DF1BA /* DetailTransformViewController.xib in Resources */,
				6E00C12F2B60059B009DF9F5 /* HomeCustomCollectionViewCell.xib in Resources */,
				6E00C1272B5FACB5009DF9F5 /* HomeCollectionViewController.xib in Resources */,
			);
			runOnlyForDeploymentPostprocessing = 0;
		};
		6E2F22082B5E56BA00D203CD /* Resources */ = {
			isa = PBXResourcesBuildPhase;
			buildActionMask = 2147483647;
			files = (
				6E64728E2B63ACDB008DF1BA /* DetailTransformViewController.xib in Resources */,
				6E00C1282B5FACB5009DF9F5 /* HomeCollectionViewController.xib in Resources */,
				6ED478AC2B625D6000FB9BB2 /* TransformTableViewController.xib in Resources */,
				6ED1EB0E2B614D9C001AE185 /* DetailHeroViewController.xib in Resources */,
				6E00C1302B60059B009DF9F5 /* HomeCustomCollectionViewCell.xib in Resources */,
				6E00C1392B600694009DF9F5 /* TransformTableViewCell.xib in Resources */,
			);
			runOnlyForDeploymentPostprocessing = 0;
		};
		6E2F22122B5E56BA00D203CD /* Resources */ = {
			isa = PBXResourcesBuildPhase;
			buildActionMask = 2147483647;
			files = (
				6E64728F2B63ACDB008DF1BA /* DetailTransformViewController.xib in Resources */,
				6E00C1292B5FACB5009DF9F5 /* HomeCollectionViewController.xib in Resources */,
				6ED478AD2B625D6000FB9BB2 /* TransformTableViewController.xib in Resources */,
				6ED1EB0F2B614D9C001AE185 /* DetailHeroViewController.xib in Resources */,
				6E00C1312B60059B009DF9F5 /* HomeCustomCollectionViewCell.xib in Resources */,
				6E00C13A2B600694009DF9F5 /* TransformTableViewCell.xib in Resources */,
			);
			runOnlyForDeploymentPostprocessing = 0;
		};
/* End PBXResourcesBuildPhase section */

/* Begin PBXSourcesBuildPhase section */
		6E2F21F02B5E56B900D203CD /* Sources */ = {
			isa = PBXSourcesBuildPhase;
			buildActionMask = 2147483647;
			files = (
				6ED2AF6B2B60393000F3134A /* HomeViewModel.swift in Sources */,
				6E00C0F72B5F94C5009DF9F5 /* HTTPResponse.swift in Sources */,
				6EFF95A92B5EA50C00C752CA /* UIColor + ColorScheme.swift in Sources */,
				6ED1EB042B614517001AE185 /* DetailHeroViewModel.swift in Sources */,
				6E2F21F82B5E56B900D203CD /* AppDelegate.swift in Sources */,
				6E6472922B63E54B008DF1BA /* DetailTransformViewModel.swift in Sources */,
				6EFF95A52B5E9FB000C752CA /* UIImage+URL.swift in Sources */,
				6E00C1352B600694009DF9F5 /* TransformTableViewCell.swift in Sources */,
				6ED478A82B625D6000FB9BB2 /* TransformTableViewController.swift in Sources */,
				6E2F21FA2B5E56B900D203CD /* SceneDelegate.swift in Sources */,
				6ED478A52B625B3800FB9BB2 /* TransformTableViewModel.swift in Sources */,
				6ED1EAFF2B6106F7001AE185 /* GenericArrayUseCase.swift in Sources */,
				6E00C1122B5F9B90009DF9F5 /* LoginViewModel.swift in Sources */,
				6E64728A2B63ACDB008DF1BA /* DetailTransformViewController.swift in Sources */,
				6ED2AF6D2B6039F900F3134A /* GenericStatusLoad.swift in Sources */,
				6E00C0F92B5F94EC009DF9F5 /* HTTPMethods.swift in Sources */,
				6E2F222D2B5E572400D203CD /* DragonBallData.swift in Sources */,
				6E00C12C2B60059B009DF9F5 /* HomeCustomCollectionViewCell.swift in Sources */,
				6ED1EB0A2B614D9C001AE185 /* DetailHeroViewController.swift in Sources */,
				6E00C11E2B5FAB57009DF9F5 /* LocalDataModel.swift in Sources */,
				6E2F22292B5E56EF00D203CD /* NetworkErrors.swift in Sources */,
				6EFF95AF2B5EAB7900C752CA /* LoginViewController.swift in Sources */,
				6E00C1242B5FACB5009DF9F5 /* HomeCollectionViewController.swift in Sources */,
				6E00C1142B5F9C11009DF9F5 /* LoginStatusLoad.swift in Sources */,
				6EFF95A72B5E9FC800C752CA /* NavItem + Confi.swift in Sources */,
				6E00C0F52B5F945B009DF9F5 /* EndPoints.swift in Sources */,
				6E00C11A2B5FA08B009DF9F5 /* LoginUseCase.swift in Sources */,
			);
			runOnlyForDeploymentPostprocessing = 0;
		};
		6E2F22062B5E56BA00D203CD /* Sources */ = {
			isa = PBXSourcesBuildPhase;
			buildActionMask = 2147483647;
			files = (
				6E00C11F2B5FAB57009DF9F5 /* LocalDataModel.swift in Sources */,
				6ECF06932B64F3D2002860AF /* GenericArrayUseCaseTest.swift in Sources */,
				6ED1EB002B6106F7001AE185 /* GenericArrayUseCase.swift in Sources */,
				6E00C12D2B60059B009DF9F5 /* HomeCustomCollectionViewCell.swift in Sources */,
				6E00C1082B5F9514009DF9F5 /* DragonBallData.swift in Sources */,
				6E00C1002B5F9507009DF9F5 /* NavItem + Confi.swift in Sources */,
				6ED478B02B625D7900FB9BB2 /* HomeViewModel.swift in Sources */,
				6E64728B2B63ACDB008DF1BA /* DetailTransformViewController.swift in Sources */,
				6ECF06912B64F384002860AF /* LoginUseCaseTest.swift in Sources */,
				6ED1EB0B2B614D9C001AE185 /* DetailHeroViewController.swift in Sources */,
				6E6472932B63E54B008DF1BA /* DetailTransformViewModel.swift in Sources */,
				6ED478A92B625D6000FB9BB2 /* TransformTableViewController.swift in Sources */,
				6E00C1042B5F950C009DF9F5 /* NetworkErrors.swift in Sources */,
				6ED1EB052B614517001AE185 /* DetailHeroViewModel.swift in Sources */,
				6E00C0FC2B5F94FD009DF9F5 /* LoginViewController.swift in Sources */,
				6E00C1362B600694009DF9F5 /* TransformTableViewCell.swift in Sources */,
				6E00C1252B5FACB5009DF9F5 /* HomeCollectionViewController.swift in Sources */,
				6E00C10D2B5F9656009DF9F5 /* HTTPResponse.swift in Sources */,
				6E00C0FA2B5F94F9009DF9F5 /* HTTPMethods.swift in Sources */,
				6ECF06952B64F61A002860AF /* MockURLProtocol.swift in Sources */,
				6E00C1152B5F9C65009DF9F5 /* LoginViewModel.swift in Sources */,
				6E2F220F2B5E56BA00D203CD /* Practica_DisPatrones_AGGATests.swift in Sources */,
				6ED2AF6E2B6039F900F3134A /* GenericStatusLoad.swift in Sources */,
				6E00C1022B5F9509009DF9F5 /* UIColor + ColorScheme.swift in Sources */,
				6E00C0FE2B5F9504009DF9F5 /* UIImage+URL.swift in Sources */,
				6E00C11B2B5FA44C009DF9F5 /* LoginUseCase.swift in Sources */,
				6ED478AE2B625D7400FB9BB2 /* TransformTableViewModel.swift in Sources */,
				6ED478B22B625D8400FB9BB2 /* EndPoints.swift in Sources */,
				6E00C1182B5F9C69009DF9F5 /* LoginStatusLoad.swift in Sources */,
			);
			runOnlyForDeploymentPostprocessing = 0;
		};
		6E2F22102B5E56BA00D203CD /* Sources */ = {
			isa = PBXSourcesBuildPhase;
			buildActionMask = 2147483647;
			files = (
				6ED2AF6F2B6039F900F3134A /* GenericStatusLoad.swift in Sources */,
				6E00C10E2B5F9656009DF9F5 /* HTTPResponse.swift in Sources */,
				6E00C1172B5F9C68009DF9F5 /* LoginStatusLoad.swift in Sources */,
				6E00C0FD2B5F94FE009DF9F5 /* LoginViewController.swift in Sources */,
				6ED478AF2B625D7400FB9BB2 /* TransformTableViewModel.swift in Sources */,
				6E6472942B63E54B008DF1BA /* DetailTransformViewModel.swift in Sources */,
				6E2F221B2B5E56BA00D203CD /* Practica_DisPatrones_AGGAUITestsLaunchTests.swift in Sources */,
				6E00C1012B5F9507009DF9F5 /* NavItem + Confi.swift in Sources */,
				6E00C1262B5FACB5009DF9F5 /* HomeCollectionViewController.swift in Sources */,
				6E00C1052B5F950D009DF9F5 /* NetworkErrors.swift in Sources */,
				6E00C1372B600694009DF9F5 /* TransformTableViewCell.swift in Sources */,
				6E00C1092B5F9515009DF9F5 /* DragonBallData.swift in Sources */,
				6E00C1162B5F9C65009DF9F5 /* LoginViewModel.swift in Sources */,
				6E64728C2B63ACDB008DF1BA /* DetailTransformViewController.swift in Sources */,
				6E00C1032B5F950A009DF9F5 /* UIColor + ColorScheme.swift in Sources */,
				6E00C1202B5FAB57009DF9F5 /* LocalDataModel.swift in Sources */,
				6E00C12E2B60059B009DF9F5 /* HomeCustomCollectionViewCell.swift in Sources */,
				6E00C0FF2B5F9504009DF9F5 /* UIImage+URL.swift in Sources */,
				6ED478B32B625D8500FB9BB2 /* EndPoints.swift in Sources */,
				6E00C11C2B5FA44D009DF9F5 /* LoginUseCase.swift in Sources */,
				6ED478AA2B625D6000FB9BB2 /* TransformTableViewController.swift in Sources */,
				6ED1EB0C2B614D9C001AE185 /* DetailHeroViewController.swift in Sources */,
				6ED478B12B625D7900FB9BB2 /* HomeViewModel.swift in Sources */,
				6ED1EB012B6106F7001AE185 /* GenericArrayUseCase.swift in Sources */,
				6ED1EB062B614517001AE185 /* DetailHeroViewModel.swift in Sources */,
				6E2F22192B5E56BA00D203CD /* Practica_DisPatrones_AGGAUITests.swift in Sources */,
				6E00C0FB2B5F94FA009DF9F5 /* HTTPMethods.swift in Sources */,
			);
			runOnlyForDeploymentPostprocessing = 0;
		};
/* End PBXSourcesBuildPhase section */

/* Begin PBXTargetDependency section */
		6E2F220C2B5E56BA00D203CD /* PBXTargetDependency */ = {
			isa = PBXTargetDependency;
			target = 6E2F21F32B5E56B900D203CD /* Practica_DisPatrones_AGGA */;
			targetProxy = 6E2F220B2B5E56BA00D203CD /* PBXContainerItemProxy */;
		};
		6E2F22162B5E56BA00D203CD /* PBXTargetDependency */ = {
			isa = PBXTargetDependency;
			target = 6E2F21F32B5E56B900D203CD /* Practica_DisPatrones_AGGA */;
			targetProxy = 6E2F22152B5E56BA00D203CD /* PBXContainerItemProxy */;
		};
/* End PBXTargetDependency section */

/* Begin XCBuildConfiguration section */
		6E2F221C2B5E56BA00D203CD /* Debug */ = {
			isa = XCBuildConfiguration;
			buildSettings = {
				ALWAYS_SEARCH_USER_PATHS = NO;
				ASSETCATALOG_COMPILER_GENERATE_SWIFT_ASSET_SYMBOL_EXTENSIONS = YES;
				CLANG_ANALYZER_NONNULL = YES;
				CLANG_ANALYZER_NUMBER_OBJECT_CONVERSION = YES_AGGRESSIVE;
				CLANG_CXX_LANGUAGE_STANDARD = "gnu++20";
				CLANG_ENABLE_MODULES = YES;
				CLANG_ENABLE_OBJC_ARC = YES;
				CLANG_ENABLE_OBJC_WEAK = YES;
				CLANG_WARN_BLOCK_CAPTURE_AUTORELEASING = YES;
				CLANG_WARN_BOOL_CONVERSION = YES;
				CLANG_WARN_COMMA = YES;
				CLANG_WARN_CONSTANT_CONVERSION = YES;
				CLANG_WARN_DEPRECATED_OBJC_IMPLEMENTATIONS = YES;
				CLANG_WARN_DIRECT_OBJC_ISA_USAGE = YES_ERROR;
				CLANG_WARN_DOCUMENTATION_COMMENTS = YES;
				CLANG_WARN_EMPTY_BODY = YES;
				CLANG_WARN_ENUM_CONVERSION = YES;
				CLANG_WARN_INFINITE_RECURSION = YES;
				CLANG_WARN_INT_CONVERSION = YES;
				CLANG_WARN_NON_LITERAL_NULL_CONVERSION = YES;
				CLANG_WARN_OBJC_IMPLICIT_RETAIN_SELF = YES;
				CLANG_WARN_OBJC_LITERAL_CONVERSION = YES;
				CLANG_WARN_OBJC_ROOT_CLASS = YES_ERROR;
				CLANG_WARN_QUOTED_INCLUDE_IN_FRAMEWORK_HEADER = YES;
				CLANG_WARN_RANGE_LOOP_ANALYSIS = YES;
				CLANG_WARN_STRICT_PROTOTYPES = YES;
				CLANG_WARN_SUSPICIOUS_MOVE = YES;
				CLANG_WARN_UNGUARDED_AVAILABILITY = YES_AGGRESSIVE;
				CLANG_WARN_UNREACHABLE_CODE = YES;
				CLANG_WARN__DUPLICATE_METHOD_MATCH = YES;
				COPY_PHASE_STRIP = NO;
				DEBUG_INFORMATION_FORMAT = dwarf;
				ENABLE_STRICT_OBJC_MSGSEND = YES;
				ENABLE_TESTABILITY = YES;
				ENABLE_USER_SCRIPT_SANDBOXING = YES;
				GCC_C_LANGUAGE_STANDARD = gnu17;
				GCC_DYNAMIC_NO_PIC = NO;
				GCC_NO_COMMON_BLOCKS = YES;
				GCC_OPTIMIZATION_LEVEL = 0;
				GCC_PREPROCESSOR_DEFINITIONS = (
					"DEBUG=1",
					"$(inherited)",
				);
				GCC_WARN_64_TO_32_BIT_CONVERSION = YES;
				GCC_WARN_ABOUT_RETURN_TYPE = YES_ERROR;
				GCC_WARN_UNDECLARED_SELECTOR = YES;
				GCC_WARN_UNINITIALIZED_AUTOS = YES_AGGRESSIVE;
				GCC_WARN_UNUSED_FUNCTION = YES;
				GCC_WARN_UNUSED_VARIABLE = YES;
				IPHONEOS_DEPLOYMENT_TARGET = 17.0;
				LOCALIZATION_PREFERS_STRING_CATALOGS = YES;
				MTL_ENABLE_DEBUG_INFO = INCLUDE_SOURCE;
				MTL_FAST_MATH = YES;
				ONLY_ACTIVE_ARCH = YES;
				SDKROOT = iphoneos;
				SWIFT_ACTIVE_COMPILATION_CONDITIONS = "DEBUG $(inherited)";
				SWIFT_OPTIMIZATION_LEVEL = "-Onone";
			};
			name = Debug;
		};
		6E2F221D2B5E56BA00D203CD /* Release */ = {
			isa = XCBuildConfiguration;
			buildSettings = {
				ALWAYS_SEARCH_USER_PATHS = NO;
				ASSETCATALOG_COMPILER_GENERATE_SWIFT_ASSET_SYMBOL_EXTENSIONS = YES;
				CLANG_ANALYZER_NONNULL = YES;
				CLANG_ANALYZER_NUMBER_OBJECT_CONVERSION = YES_AGGRESSIVE;
				CLANG_CXX_LANGUAGE_STANDARD = "gnu++20";
				CLANG_ENABLE_MODULES = YES;
				CLANG_ENABLE_OBJC_ARC = YES;
				CLANG_ENABLE_OBJC_WEAK = YES;
				CLANG_WARN_BLOCK_CAPTURE_AUTORELEASING = YES;
				CLANG_WARN_BOOL_CONVERSION = YES;
				CLANG_WARN_COMMA = YES;
				CLANG_WARN_CONSTANT_CONVERSION = YES;
				CLANG_WARN_DEPRECATED_OBJC_IMPLEMENTATIONS = YES;
				CLANG_WARN_DIRECT_OBJC_ISA_USAGE = YES_ERROR;
				CLANG_WARN_DOCUMENTATION_COMMENTS = YES;
				CLANG_WARN_EMPTY_BODY = YES;
				CLANG_WARN_ENUM_CONVERSION = YES;
				CLANG_WARN_INFINITE_RECURSION = YES;
				CLANG_WARN_INT_CONVERSION = YES;
				CLANG_WARN_NON_LITERAL_NULL_CONVERSION = YES;
				CLANG_WARN_OBJC_IMPLICIT_RETAIN_SELF = YES;
				CLANG_WARN_OBJC_LITERAL_CONVERSION = YES;
				CLANG_WARN_OBJC_ROOT_CLASS = YES_ERROR;
				CLANG_WARN_QUOTED_INCLUDE_IN_FRAMEWORK_HEADER = YES;
				CLANG_WARN_RANGE_LOOP_ANALYSIS = YES;
				CLANG_WARN_STRICT_PROTOTYPES = YES;
				CLANG_WARN_SUSPICIOUS_MOVE = YES;
				CLANG_WARN_UNGUARDED_AVAILABILITY = YES_AGGRESSIVE;
				CLANG_WARN_UNREACHABLE_CODE = YES;
				CLANG_WARN__DUPLICATE_METHOD_MATCH = YES;
				COPY_PHASE_STRIP = NO;
				DEBUG_INFORMATION_FORMAT = "dwarf-with-dsym";
				ENABLE_NS_ASSERTIONS = NO;
				ENABLE_STRICT_OBJC_MSGSEND = YES;
				ENABLE_USER_SCRIPT_SANDBOXING = YES;
				GCC_C_LANGUAGE_STANDARD = gnu17;
				GCC_NO_COMMON_BLOCKS = YES;
				GCC_WARN_64_TO_32_BIT_CONVERSION = YES;
				GCC_WARN_ABOUT_RETURN_TYPE = YES_ERROR;
				GCC_WARN_UNDECLARED_SELECTOR = YES;
				GCC_WARN_UNINITIALIZED_AUTOS = YES_AGGRESSIVE;
				GCC_WARN_UNUSED_FUNCTION = YES;
				GCC_WARN_UNUSED_VARIABLE = YES;
				IPHONEOS_DEPLOYMENT_TARGET = 17.0;
				LOCALIZATION_PREFERS_STRING_CATALOGS = YES;
				MTL_ENABLE_DEBUG_INFO = NO;
				MTL_FAST_MATH = YES;
				SDKROOT = iphoneos;
				SWIFT_COMPILATION_MODE = wholemodule;
				VALIDATE_PRODUCT = YES;
			};
			name = Release;
		};
		6E2F221F2B5E56BA00D203CD /* Debug */ = {
			isa = XCBuildConfiguration;
			buildSettings = {
				ASSETCATALOG_COMPILER_APPICON_NAME = AppIcon;
				ASSETCATALOG_COMPILER_GLOBAL_ACCENT_COLOR_NAME = AccentColor;
				CODE_SIGN_STYLE = Automatic;
				CURRENT_PROJECT_VERSION = 1;
				DEVELOPMENT_TEAM = M26LNJLX8T;
				GENERATE_INFOPLIST_FILE = YES;
				INFOPLIST_FILE = Practica_DisPatrones_AGGA/Info.plist;
				INFOPLIST_KEY_UIApplicationSupportsIndirectInputEvents = YES;
				INFOPLIST_KEY_UILaunchStoryboardName = "";
				INFOPLIST_KEY_UIMainStoryboardFile = "";
				INFOPLIST_KEY_UISupportedInterfaceOrientations_iPad = "UIInterfaceOrientationPortrait UIInterfaceOrientationPortraitUpsideDown UIInterfaceOrientationLandscapeLeft UIInterfaceOrientationLandscapeRight";
				INFOPLIST_KEY_UISupportedInterfaceOrientations_iPhone = "UIInterfaceOrientationPortrait UIInterfaceOrientationLandscapeLeft UIInterfaceOrientationLandscapeRight";
				LD_RUNPATH_SEARCH_PATHS = (
					"$(inherited)",
					"@executable_path/Frameworks",
				);
				MARKETING_VERSION = 1.0;
				PRODUCT_BUNDLE_IDENTIFIER = "com.agavgar.Practica-DisPatrones-AGGA";
				PRODUCT_NAME = "$(TARGET_NAME)";
				SWIFT_EMIT_LOC_STRINGS = YES;
				SWIFT_VERSION = 5.0;
				TARGETED_DEVICE_FAMILY = "1,2";
			};
			name = Debug;
		};
		6E2F22202B5E56BA00D203CD /* Release */ = {
			isa = XCBuildConfiguration;
			buildSettings = {
				ASSETCATALOG_COMPILER_APPICON_NAME = AppIcon;
				ASSETCATALOG_COMPILER_GLOBAL_ACCENT_COLOR_NAME = AccentColor;
				CODE_SIGN_STYLE = Automatic;
				CURRENT_PROJECT_VERSION = 1;
				DEVELOPMENT_TEAM = M26LNJLX8T;
				GENERATE_INFOPLIST_FILE = YES;
				INFOPLIST_FILE = Practica_DisPatrones_AGGA/Info.plist;
				INFOPLIST_KEY_UIApplicationSupportsIndirectInputEvents = YES;
				INFOPLIST_KEY_UILaunchStoryboardName = "";
				INFOPLIST_KEY_UIMainStoryboardFile = "";
				INFOPLIST_KEY_UISupportedInterfaceOrientations_iPad = "UIInterfaceOrientationPortrait UIInterfaceOrientationPortraitUpsideDown UIInterfaceOrientationLandscapeLeft UIInterfaceOrientationLandscapeRight";
				INFOPLIST_KEY_UISupportedInterfaceOrientations_iPhone = "UIInterfaceOrientationPortrait UIInterfaceOrientationLandscapeLeft UIInterfaceOrientationLandscapeRight";
				LD_RUNPATH_SEARCH_PATHS = (
					"$(inherited)",
					"@executable_path/Frameworks",
				);
				MARKETING_VERSION = 1.0;
				PRODUCT_BUNDLE_IDENTIFIER = "com.agavgar.Practica-DisPatrones-AGGA";
				PRODUCT_NAME = "$(TARGET_NAME)";
				SWIFT_EMIT_LOC_STRINGS = YES;
				SWIFT_VERSION = 5.0;
				TARGETED_DEVICE_FAMILY = "1,2";
			};
			name = Release;
		};
		6E2F22222B5E56BA00D203CD /* Debug */ = {
			isa = XCBuildConfiguration;
			buildSettings = {
				ALWAYS_EMBED_SWIFT_STANDARD_LIBRARIES = YES;
				BUNDLE_LOADER = "$(TEST_HOST)";
				CODE_SIGN_STYLE = Automatic;
				CURRENT_PROJECT_VERSION = 1;
				DEVELOPMENT_TEAM = M26LNJLX8T;
				GENERATE_INFOPLIST_FILE = YES;
				IPHONEOS_DEPLOYMENT_TARGET = 17.0;
				MARKETING_VERSION = 1.0;
				PRODUCT_BUNDLE_IDENTIFIER = "com.agavgar.Practica-DisPatrones-AGGATests";
				PRODUCT_NAME = "$(TARGET_NAME)";
				SWIFT_EMIT_LOC_STRINGS = NO;
				SWIFT_VERSION = 5.0;
				TARGETED_DEVICE_FAMILY = "1,2";
				TEST_HOST = "$(BUILT_PRODUCTS_DIR)/Practica_DisPatrones_AGGA.app/$(BUNDLE_EXECUTABLE_FOLDER_PATH)/Practica_DisPatrones_AGGA";
			};
			name = Debug;
		};
		6E2F22232B5E56BA00D203CD /* Release */ = {
			isa = XCBuildConfiguration;
			buildSettings = {
				ALWAYS_EMBED_SWIFT_STANDARD_LIBRARIES = YES;
				BUNDLE_LOADER = "$(TEST_HOST)";
				CODE_SIGN_STYLE = Automatic;
				CURRENT_PROJECT_VERSION = 1;
				DEVELOPMENT_TEAM = M26LNJLX8T;
				GENERATE_INFOPLIST_FILE = YES;
				IPHONEOS_DEPLOYMENT_TARGET = 17.0;
				MARKETING_VERSION = 1.0;
				PRODUCT_BUNDLE_IDENTIFIER = "com.agavgar.Practica-DisPatrones-AGGATests";
				PRODUCT_NAME = "$(TARGET_NAME)";
				SWIFT_EMIT_LOC_STRINGS = NO;
				SWIFT_VERSION = 5.0;
				TARGETED_DEVICE_FAMILY = "1,2";
				TEST_HOST = "$(BUILT_PRODUCTS_DIR)/Practica_DisPatrones_AGGA.app/$(BUNDLE_EXECUTABLE_FOLDER_PATH)/Practica_DisPatrones_AGGA";
			};
			name = Release;
		};
		6E2F22252B5E56BA00D203CD /* Debug */ = {
			isa = XCBuildConfiguration;
			buildSettings = {
				ALWAYS_EMBED_SWIFT_STANDARD_LIBRARIES = YES;
				CODE_SIGN_STYLE = Automatic;
				CURRENT_PROJECT_VERSION = 1;
				DEVELOPMENT_TEAM = M26LNJLX8T;
				GENERATE_INFOPLIST_FILE = YES;
				MARKETING_VERSION = 1.0;
				PRODUCT_BUNDLE_IDENTIFIER = "com.agavgar.Practica-DisPatrones-AGGAUITests";
				PRODUCT_NAME = "$(TARGET_NAME)";
				SWIFT_EMIT_LOC_STRINGS = NO;
				SWIFT_VERSION = 5.0;
				TARGETED_DEVICE_FAMILY = "1,2";
				TEST_TARGET_NAME = Practica_DisPatrones_AGGA;
			};
			name = Debug;
		};
		6E2F22262B5E56BA00D203CD /* Release */ = {
			isa = XCBuildConfiguration;
			buildSettings = {
				ALWAYS_EMBED_SWIFT_STANDARD_LIBRARIES = YES;
				CODE_SIGN_STYLE = Automatic;
				CURRENT_PROJECT_VERSION = 1;
				DEVELOPMENT_TEAM = M26LNJLX8T;
				GENERATE_INFOPLIST_FILE = YES;
				MARKETING_VERSION = 1.0;
				PRODUCT_BUNDLE_IDENTIFIER = "com.agavgar.Practica-DisPatrones-AGGAUITests";
				PRODUCT_NAME = "$(TARGET_NAME)";
				SWIFT_EMIT_LOC_STRINGS = NO;
				SWIFT_VERSION = 5.0;
				TARGETED_DEVICE_FAMILY = "1,2";
				TEST_TARGET_NAME = Practica_DisPatrones_AGGA;
			};
			name = Release;
		};
/* End XCBuildConfiguration section */

/* Begin XCConfigurationList section */
		6E2F21EF2B5E56B900D203CD /* Build configuration list for PBXProject "Practica_DisPatrones_AGGA" */ = {
			isa = XCConfigurationList;
			buildConfigurations = (
				6E2F221C2B5E56BA00D203CD /* Debug */,
				6E2F221D2B5E56BA00D203CD /* Release */,
			);
			defaultConfigurationIsVisible = 0;
			defaultConfigurationName = Release;
		};
		6E2F221E2B5E56BA00D203CD /* Build configuration list for PBXNativeTarget "Practica_DisPatrones_AGGA" */ = {
			isa = XCConfigurationList;
			buildConfigurations = (
				6E2F221F2B5E56BA00D203CD /* Debug */,
				6E2F22202B5E56BA00D203CD /* Release */,
			);
			defaultConfigurationIsVisible = 0;
			defaultConfigurationName = Release;
		};
		6E2F22212B5E56BA00D203CD /* Build configuration list for PBXNativeTarget "Practica_DisPatrones_AGGATests" */ = {
			isa = XCConfigurationList;
			buildConfigurations = (
				6E2F22222B5E56BA00D203CD /* Debug */,
				6E2F22232B5E56BA00D203CD /* Release */,
			);
			defaultConfigurationIsVisible = 0;
			defaultConfigurationName = Release;
		};
		6E2F22242B5E56BA00D203CD /* Build configuration list for PBXNativeTarget "Practica_DisPatrones_AGGAUITests" */ = {
			isa = XCConfigurationList;
			buildConfigurations = (
				6E2F22252B5E56BA00D203CD /* Debug */,
				6E2F22262B5E56BA00D203CD /* Release */,
			);
			defaultConfigurationIsVisible = 0;
			defaultConfigurationName = Release;
		};
/* End XCConfigurationList section */
	};
	rootObject = 6E2F21EC2B5E56B900D203CD /* Project object */;
}
